
Microsoft Visual Studio Solution File, Format Version 12.00
# Visual Studio Version 16
VisualStudioVersion = 16.0.30804.86
MinimumVisualStudioVersion = 10.0.40219.1
Project("{FAE04EC0-301F-11D3-BF4B-00C04F79EFBC}") = "EntityFrameworkExample", "EntityFrameworkExample\EntityFrameworkExample.csproj", "{BFB4251C-E08A-439B-A8EF-046C7E3B1EDD}"
EndProject
Project("{FAE04EC0-301F-11D3-BF4B-00C04F79EFBC}") = "EntityFrameworkExample.Library", "EntityFrameworkExample.Library\EntityFrameworkExample.Library.csproj", "{D4B341F8-AFAB-476B-825C-04C7D3C10F8E}"
EndProject
Global
	GlobalSection(SolutionConfigurationPlatforms) = preSolution
		Debug|Any CPU = Debug|Any CPU
		Release|Any CPU = Release|Any CPU
	EndGlobalSection
	GlobalSection(ProjectConfigurationPlatforms) = postSolution
		{BFB4251C-E08A-439B-A8EF-046C7E3B1EDD}.Debug|Any CPU.ActiveCfg = Debug|Any CPU
		{BFB4251C-E08A-439B-A8EF-046C7E3B1EDD}.Debug|Any CPU.Build.0 = Debug|Any CPU
		{BFB4251C-E08A-439B-A8EF-046C7E3B1EDD}.Release|Any CPU.ActiveCfg = Release|Any CPU
		{BFB4251C-E08A-439B-A8EF-046C7E3B1EDD}.Release|Any CPU.Build.0 = Release|Any CPU
		{D4B341F8-AFAB-476B-825C-04C7D3C10F8E}.Debug|Any CPU.ActiveCfg = Debug|Any CPU
		{D4B341F8-AFAB-476B-825C-04C7D3C10F8E}.Debug|Any CPU.Build.0 = Debug|Any CPU
		{D4B341F8-AFAB-476B-825C-04C7D3C10F8E}.Release|Any CPU.ActiveCfg = Release|Any CPU
		{D4B341F8-AFAB-476B-825C-04C7D3C10F8E}.Release|Any CPU.Build.0 = Release|Any CPU
	EndGlobalSection
	GlobalSection(SolutionProperties) = preSolution
		HideSolutionNode = FALSE
	EndGlobalSection
	GlobalSection(ExtensibilityGlobals) = postSolution
		SolutionGuid = {4375A7C5-5968-4798-BC87-FFCB43C57229}
	EndGlobalSection
EndGlobal
